
Microsoft Visual Studio Solution File, Format Version 12.00
Project("{FAE04EC0-301F-11D3-BF4B-00C04F79EFBC}") = "WebApp", "WebApp\WebApp.csproj", "{5251C394-2FD3-4A07-A96F-BE0F3A179829}"
EndProject
Project("{2150E333-8FDC-42A3-9474-1A3956D46DE8}") = "APP", "APP", "{5CF6CBD9-D652-4A91-B08D-13D4EA205C68}"
EndProject
Project("{2150E333-8FDC-42A3-9474-1A3956D46DE8}") = "BASE", "BASE", "{C653B252-4784-4BDD-ADDD-187C0A181CC7}"
EndProject
Project("{FAE04EC0-301F-11D3-BF4B-00C04F79EFBC}") = "App.Domain", "App.Domain\App.Domain.csproj", "{D0D7E144-5419-4D6D-91D3-C1690CC0FA46}"
EndProject
Project("{FAE04EC0-301F-11D3-BF4B-00C04F79EFBC}") = "App.DAL.EF", "App.DAL.EF\App.DAL.EF.csproj", "{04B5CF11-0ED5-4533-926A-545AE3C12757}"
EndProject
Project("{FAE04EC0-301F-11D3-BF4B-00C04F79EFBC}") = "Base.Domain", "Base.Domain\Base.Domain.csproj", "{8AF08F69-9AE6-4A67-868F-9BCBD2BF2E0F}"
EndProject
Project("{2150E333-8FDC-42A3-9474-1A3956D46DE8}") = "!Solution Items", "!Solution Items", "{3CBF4044-94C1-4310-BA11-45013585F623}"
	ProjectSection(SolutionItems) = preProject
		..\README.md = ..\README.md
		docker-compose.yml = docker-compose.yml
		Directory.Build.props = Directory.Build.props
	EndProjectSection
EndProject
Project("{FAE04EC0-301F-11D3-BF4B-00C04F79EFBC}") = "Base.Resources", "Base.Resources\Base.Resources.csproj", "{B79F1937-E80C-4EF6-A5FE-CC1502D2E3C1}"
EndProject
Project("{FAE04EC0-301F-11D3-BF4B-00C04F79EFBC}") = "App.Resources", "App.Resources\App.Resources.csproj", "{1F980CBB-7F3D-4C22-BE3E-0B6176DE7365}"
EndProject
Project("{FAE04EC0-301F-11D3-BF4B-00C04F79EFBC}") = "Base.DAL.Interfaces", "Base.DAL.Interfaces\Base.DAL.Interfaces.csproj", "{C4A59E92-89A9-4343-A0C1-58A81ADA563B}"
EndProject
Project("{FAE04EC0-301F-11D3-BF4B-00C04F79EFBC}") = "Base.DAL.EF", "Base.DAL.EF\Base.DAL.EF.csproj", "{9CECB63E-184E-4CC1-937E-FA1325CFE61E}"
EndProject
Project("{FAE04EC0-301F-11D3-BF4B-00C04F79EFBC}") = "Base.Interfaces", "Base.Interfaces\Base.Interfaces.csproj", "{3E4D59A2-ABCB-49C2-BF9E-A69DB73E83AA}"
EndProject
Project("{FAE04EC0-301F-11D3-BF4B-00C04F79EFBC}") = "App.DAL.Interfaces", "App.DAL.Interfaces\App.DAL.Interfaces.csproj", "{3FF32347-A0E3-4EA3-9931-11FCE7E5D32F}"
EndProject
Project("{FAE04EC0-301F-11D3-BF4B-00C04F79EFBC}") = "Base.Helpers", "Base.Helpers\Base.Helpers.csproj", "{C00B0079-EE16-4999-ADDE-25ECB3A2E1E6}"
EndProject
Project("{FAE04EC0-301F-11D3-BF4B-00C04F79EFBC}") = "App.DTO", "App.DTO\App.DTO.csproj", "{A822147B-CC45-48EE-A873-97CB9DDA6046}"
EndProject
Global
	GlobalSection(SolutionConfigurationPlatforms) = preSolution
		Debug|Any CPU = Debug|Any CPU
		Release|Any CPU = Release|Any CPU
	EndGlobalSection
	GlobalSection(ProjectConfigurationPlatforms) = postSolution
		{5251C394-2FD3-4A07-A96F-BE0F3A179829}.Debug|Any CPU.ActiveCfg = Debug|Any CPU
		{5251C394-2FD3-4A07-A96F-BE0F3A179829}.Debug|Any CPU.Build.0 = Debug|Any CPU
		{5251C394-2FD3-4A07-A96F-BE0F3A179829}.Release|Any CPU.ActiveCfg = Release|Any CPU
		{5251C394-2FD3-4A07-A96F-BE0F3A179829}.Release|Any CPU.Build.0 = Release|Any CPU
		{D0D7E144-5419-4D6D-91D3-C1690CC0FA46}.Debug|Any CPU.ActiveCfg = Debug|Any CPU
		{D0D7E144-5419-4D6D-91D3-C1690CC0FA46}.Debug|Any CPU.Build.0 = Debug|Any CPU
		{D0D7E144-5419-4D6D-91D3-C1690CC0FA46}.Release|Any CPU.ActiveCfg = Release|Any CPU
		{D0D7E144-5419-4D6D-91D3-C1690CC0FA46}.Release|Any CPU.Build.0 = Release|Any CPU
		{04B5CF11-0ED5-4533-926A-545AE3C12757}.Debug|Any CPU.ActiveCfg = Debug|Any CPU
		{04B5CF11-0ED5-4533-926A-545AE3C12757}.Debug|Any CPU.Build.0 = Debug|Any CPU
		{04B5CF11-0ED5-4533-926A-545AE3C12757}.Release|Any CPU.ActiveCfg = Release|Any CPU
		{04B5CF11-0ED5-4533-926A-545AE3C12757}.Release|Any CPU.Build.0 = Release|Any CPU
		{8AF08F69-9AE6-4A67-868F-9BCBD2BF2E0F}.Debug|Any CPU.ActiveCfg = Debug|Any CPU
		{8AF08F69-9AE6-4A67-868F-9BCBD2BF2E0F}.Debug|Any CPU.Build.0 = Debug|Any CPU
		{8AF08F69-9AE6-4A67-868F-9BCBD2BF2E0F}.Release|Any CPU.ActiveCfg = Release|Any CPU
		{8AF08F69-9AE6-4A67-868F-9BCBD2BF2E0F}.Release|Any CPU.Build.0 = Release|Any CPU
		{B79F1937-E80C-4EF6-A5FE-CC1502D2E3C1}.Debug|Any CPU.ActiveCfg = Debug|Any CPU
		{B79F1937-E80C-4EF6-A5FE-CC1502D2E3C1}.Debug|Any CPU.Build.0 = Debug|Any CPU
		{B79F1937-E80C-4EF6-A5FE-CC1502D2E3C1}.Release|Any CPU.ActiveCfg = Release|Any CPU
		{B79F1937-E80C-4EF6-A5FE-CC1502D2E3C1}.Release|Any CPU.Build.0 = Release|Any CPU
		{1F980CBB-7F3D-4C22-BE3E-0B6176DE7365}.Debug|Any CPU.ActiveCfg = Debug|Any CPU
		{1F980CBB-7F3D-4C22-BE3E-0B6176DE7365}.Debug|Any CPU.Build.0 = Debug|Any CPU
		{1F980CBB-7F3D-4C22-BE3E-0B6176DE7365}.Release|Any CPU.ActiveCfg = Release|Any CPU
		{1F980CBB-7F3D-4C22-BE3E-0B6176DE7365}.Release|Any CPU.Build.0 = Release|Any CPU
		{C4A59E92-89A9-4343-A0C1-58A81ADA563B}.Debug|Any CPU.ActiveCfg = Debug|Any CPU
		{C4A59E92-89A9-4343-A0C1-58A81ADA563B}.Debug|Any CPU.Build.0 = Debug|Any CPU
		{C4A59E92-89A9-4343-A0C1-58A81ADA563B}.Release|Any CPU.ActiveCfg = Release|Any CPU
		{C4A59E92-89A9-4343-A0C1-58A81ADA563B}.Release|Any CPU.Build.0 = Release|Any CPU
		{9CECB63E-184E-4CC1-937E-FA1325CFE61E}.Debug|Any CPU.ActiveCfg = Debug|Any CPU
		{9CECB63E-184E-4CC1-937E-FA1325CFE61E}.Debug|Any CPU.Build.0 = Debug|Any CPU
		{9CECB63E-184E-4CC1-937E-FA1325CFE61E}.Release|Any CPU.ActiveCfg = Release|Any CPU
		{9CECB63E-184E-4CC1-937E-FA1325CFE61E}.Release|Any CPU.Build.0 = Release|Any CPU
		{3E4D59A2-ABCB-49C2-BF9E-A69DB73E83AA}.Debug|Any CPU.ActiveCfg = Debug|Any CPU
		{3E4D59A2-ABCB-49C2-BF9E-A69DB73E83AA}.Debug|Any CPU.Build.0 = Debug|Any CPU
		{3E4D59A2-ABCB-49C2-BF9E-A69DB73E83AA}.Release|Any CPU.ActiveCfg = Release|Any CPU
		{3E4D59A2-ABCB-49C2-BF9E-A69DB73E83AA}.Release|Any CPU.Build.0 = Release|Any CPU
		{3FF32347-A0E3-4EA3-9931-11FCE7E5D32F}.Debug|Any CPU.ActiveCfg = Debug|Any CPU
		{3FF32347-A0E3-4EA3-9931-11FCE7E5D32F}.Debug|Any CPU.Build.0 = Debug|Any CPU
		{3FF32347-A0E3-4EA3-9931-11FCE7E5D32F}.Release|Any CPU.ActiveCfg = Release|Any CPU
		{3FF32347-A0E3-4EA3-9931-11FCE7E5D32F}.Release|Any CPU.Build.0 = Release|Any CPU
		{C00B0079-EE16-4999-ADDE-25ECB3A2E1E6}.Debug|Any CPU.ActiveCfg = Debug|Any CPU
		{C00B0079-EE16-4999-ADDE-25ECB3A2E1E6}.Debug|Any CPU.Build.0 = Debug|Any CPU
		{C00B0079-EE16-4999-ADDE-25ECB3A2E1E6}.Release|Any CPU.ActiveCfg = Release|Any CPU
		{C00B0079-EE16-4999-ADDE-25ECB3A2E1E6}.Release|Any CPU.Build.0 = Release|Any CPU
		{A822147B-CC45-48EE-A873-97CB9DDA6046}.Debug|Any CPU.ActiveCfg = Debug|Any CPU
		{A822147B-CC45-48EE-A873-97CB9DDA6046}.Debug|Any CPU.Build.0 = Debug|Any CPU
		{A822147B-CC45-48EE-A873-97CB9DDA6046}.Release|Any CPU.ActiveCfg = Release|Any CPU
		{A822147B-CC45-48EE-A873-97CB9DDA6046}.Release|Any CPU.Build.0 = Release|Any CPU
	EndGlobalSection
	GlobalSection(NestedProjects) = preSolution
		{8AF08F69-9AE6-4A67-868F-9BCBD2BF2E0F} = {C653B252-4784-4BDD-ADDD-187C0A181CC7}
		{04B5CF11-0ED5-4533-926A-545AE3C12757} = {5CF6CBD9-D652-4A91-B08D-13D4EA205C68}
		{D0D7E144-5419-4D6D-91D3-C1690CC0FA46} = {5CF6CBD9-D652-4A91-B08D-13D4EA205C68}
		{5251C394-2FD3-4A07-A96F-BE0F3A179829} = {5CF6CBD9-D652-4A91-B08D-13D4EA205C68}
		{B79F1937-E80C-4EF6-A5FE-CC1502D2E3C1} = {C653B252-4784-4BDD-ADDD-187C0A181CC7}
		{1F980CBB-7F3D-4C22-BE3E-0B6176DE7365} = {5CF6CBD9-D652-4A91-B08D-13D4EA205C68}
		{C4A59E92-89A9-4343-A0C1-58A81ADA563B} = {C653B252-4784-4BDD-ADDD-187C0A181CC7}
		{9CECB63E-184E-4CC1-937E-FA1325CFE61E} = {C653B252-4784-4BDD-ADDD-187C0A181CC7}
		{3E4D59A2-ABCB-49C2-BF9E-A69DB73E83AA} = {C653B252-4784-4BDD-ADDD-187C0A181CC7}
		{3FF32347-A0E3-4EA3-9931-11FCE7E5D32F} = {5CF6CBD9-D652-4A91-B08D-13D4EA205C68}
		{C00B0079-EE16-4999-ADDE-25ECB3A2E1E6} = {C653B252-4784-4BDD-ADDD-187C0A181CC7}
		{A822147B-CC45-48EE-A873-97CB9DDA6046} = {5CF6CBD9-D652-4A91-B08D-13D4EA205C68}
	EndGlobalSection
EndGlobal
